
Microsoft Visual Studio Solution File, Format Version 12.00
# Visual Studio Version 16
VisualStudioVersion = 16.0.30320.27
MinimumVisualStudioVersion = 10.0.40219.1
Project("{8BC9CEB8-8B4A-11D0-8D11-00A0C91BC942}") = "StrategyPattern", "HeadFirstDesignPattern\HeadFirstDesignPattern.vcxproj", "{D70EC23A-E55F-4D55-BA42-6C1D25516500}"
EndProject
Project("{8BC9CEB8-8B4A-11D0-8D11-00A0C91BC942}") = "ObserverPattern", "ObserverPattern\ObserverPattern.vcxproj", "{92DD5313-157B-490E-A30D-41F35940EAFE}"
EndProject
Project("{8BC9CEB8-8B4A-11D0-8D11-00A0C91BC942}") = "DecoratorPattern", "DecoratorPattern\DecoratorPattern.vcxproj", "{51AF0185-ACE2-43AB-835A-A8F67D2766A3}"
EndProject
Project("{8BC9CEB8-8B4A-11D0-8D11-00A0C91BC942}") = "FactoryPattern", "FactoryPattern\FactoryPattern.vcxproj", "{FF356F41-FCB9-4D60-ACF9-CE1628F4DBD7}"
EndProject
Project("{FAE04EC0-301F-11D3-BF4B-00C04F79EFBC}") = "Utulities.Timer", "Utulities.Timer\Utulities.Timer.csproj", "{43A897FE-7F93-45BC-BCCE-DA24A0086437}"
EndProject
Global
	GlobalSection(SolutionConfigurationPlatforms) = preSolution
		Debug|Any CPU = Debug|Any CPU
		Debug|x64 = Debug|x64
		Debug|x86 = Debug|x86
		Release|Any CPU = Release|Any CPU
		Release|x64 = Release|x64
		Release|x86 = Release|x86
	EndGlobalSection
	GlobalSection(ProjectConfigurationPlatforms) = postSolution
		{D70EC23A-E55F-4D55-BA42-6C1D25516500}.Debug|Any CPU.ActiveCfg = Debug|Win32
		{D70EC23A-E55F-4D55-BA42-6C1D25516500}.Debug|x64.ActiveCfg = Debug|x64
		{D70EC23A-E55F-4D55-BA42-6C1D25516500}.Debug|x64.Build.0 = Debug|x64
		{D70EC23A-E55F-4D55-BA42-6C1D25516500}.Debug|x86.ActiveCfg = Debug|Win32
		{D70EC23A-E55F-4D55-BA42-6C1D25516500}.Debug|x86.Build.0 = Debug|Win32
		{D70EC23A-E55F-4D55-BA42-6C1D25516500}.Release|Any CPU.ActiveCfg = Release|Win32
		{D70EC23A-E55F-4D55-BA42-6C1D25516500}.Release|x64.ActiveCfg = Release|x64
		{D70EC23A-E55F-4D55-BA42-6C1D25516500}.Release|x64.Build.0 = Release|x64
		{D70EC23A-E55F-4D55-BA42-6C1D25516500}.Release|x86.ActiveCfg = Release|Win32
		{D70EC23A-E55F-4D55-BA42-6C1D25516500}.Release|x86.Build.0 = Release|Win32
		{92DD5313-157B-490E-A30D-41F35940EAFE}.Debug|Any CPU.ActiveCfg = Debug|Win32
		{92DD5313-157B-490E-A30D-41F35940EAFE}.Debug|x64.ActiveCfg = Debug|x64
		{92DD5313-157B-490E-A30D-41F35940EAFE}.Debug|x64.Build.0 = Debug|x64
		{92DD5313-157B-490E-A30D-41F35940EAFE}.Debug|x86.ActiveCfg = Debug|Win32
		{92DD5313-157B-490E-A30D-41F35940EAFE}.Debug|x86.Build.0 = Debug|Win32
		{92DD5313-157B-490E-A30D-41F35940EAFE}.Release|Any CPU.ActiveCfg = Release|Win32
		{92DD5313-157B-490E-A30D-41F35940EAFE}.Release|x64.ActiveCfg = Release|x64
		{92DD5313-157B-490E-A30D-41F35940EAFE}.Release|x64.Build.0 = Release|x64
		{92DD5313-157B-490E-A30D-41F35940EAFE}.Release|x86.ActiveCfg = Release|Win32
		{92DD5313-157B-490E-A30D-41F35940EAFE}.Release|x86.Build.0 = Release|Win32
		{51AF0185-ACE2-43AB-835A-A8F67D2766A3}.Debug|Any CPU.ActiveCfg = Debug|Win32
		{51AF0185-ACE2-43AB-835A-A8F67D2766A3}.Debug|x64.ActiveCfg = Debug|x64
		{51AF0185-ACE2-43AB-835A-A8F67D2766A3}.Debug|x64.Build.0 = Debug|x64
		{51AF0185-ACE2-43AB-835A-A8F67D2766A3}.Debug|x86.ActiveCfg = Debug|Win32
		{51AF0185-ACE2-43AB-835A-A8F67D2766A3}.Debug|x86.Build.0 = Debug|Win32
		{51AF0185-ACE2-43AB-835A-A8F67D2766A3}.Release|Any CPU.ActiveCfg = Release|Win32
		{51AF0185-ACE2-43AB-835A-A8F67D2766A3}.Release|x64.ActiveCfg = Release|x64
		{51AF0185-ACE2-43AB-835A-A8F67D2766A3}.Release|x64.Build.0 = Release|x64
		{51AF0185-ACE2-43AB-835A-A8F67D2766A3}.Release|x86.ActiveCfg = Release|Win32
		{51AF0185-ACE2-43AB-835A-A8F67D2766A3}.Release|x86.Build.0 = Release|Win32
		{FF356F41-FCB9-4D60-ACF9-CE1628F4DBD7}.Debug|Any CPU.ActiveCfg = Debug|Win32
		{FF356F41-FCB9-4D60-ACF9-CE1628F4DBD7}.Debug|x64.ActiveCfg = Debug|x64
		{FF356F41-FCB9-4D60-ACF9-CE1628F4DBD7}.Debug|x64.Build.0 = Debug|x64
		{FF356F41-FCB9-4D60-ACF9-CE1628F4DBD7}.Debug|x86.ActiveCfg = Debug|Win32
		{FF356F41-FCB9-4D60-ACF9-CE1628F4DBD7}.Debug|x86.Build.0 = Debug|Win32
		{FF356F41-FCB9-4D60-ACF9-CE1628F4DBD7}.Release|Any CPU.ActiveCfg = Release|Win32
		{FF356F41-FCB9-4D60-ACF9-CE1628F4DBD7}.Release|x64.ActiveCfg = Release|x64
		{FF356F41-FCB9-4D60-ACF9-CE1628F4DBD7}.Release|x64.Build.0 = Release|x64
		{FF356F41-FCB9-4D60-ACF9-CE1628F4DBD7}.Release|x86.ActiveCfg = Release|Win32
		{FF356F41-FCB9-4D60-ACF9-CE1628F4DBD7}.Release|x86.Build.0 = Release|Win32
		{43A897FE-7F93-45BC-BCCE-DA24A0086437}.Debug|Any CPU.ActiveCfg = Debug|Any CPU
		{43A897FE-7F93-45BC-BCCE-DA24A0086437}.Debug|Any CPU.Build.0 = Debug|Any CPU
		{43A897FE-7F93-45BC-BCCE-DA24A0086437}.Debug|x64.ActiveCfg = Debug|Any CPU
		{43A897FE-7F93-45BC-BCCE-DA24A0086437}.Debug|x64.Build.0 = Debug|Any CPU
		{43A897FE-7F93-45BC-BCCE-DA24A0086437}.Debug|x86.ActiveCfg = Debug|Any CPU
		{43A897FE-7F93-45BC-BCCE-DA24A0086437}.Debug|x86.Build.0 = Debug|Any CPU
		{43A897FE-7F93-45BC-BCCE-DA24A0086437}.Release|Any CPU.ActiveCfg = Release|Any CPU
		{43A897FE-7F93-45BC-BCCE-DA24A0086437}.Release|Any CPU.Build.0 = Release|Any CPU
		{43A897FE-7F93-45BC-BCCE-DA24A0086437}.Release|x64.ActiveCfg = Release|Any CPU
		{43A897FE-7F93-45BC-BCCE-DA24A0086437}.Release|x64.Build.0 = Release|Any CPU
		{43A897FE-7F93-45BC-BCCE-DA24A0086437}.Release|x86.ActiveCfg = Release|Any CPU
		{43A897FE-7F93-45BC-BCCE-DA24A0086437}.Release|x86.Build.0 = Release|Any CPU
	EndGlobalSection
	GlobalSection(SolutionProperties) = preSolution
		HideSolutionNode = FALSE
	EndGlobalSection
	GlobalSection(ExtensibilityGlobals) = postSolution
		SolutionGuid = {18C5BF7E-13B6-4CB3-A5EB-3B6093F6F628}
	EndGlobalSection
EndGlobal
